
Microsoft Visual Studio Solution File, Format Version 12.00
# Visual Studio 2012
Project("{8BC9CEB8-8B4A-11D0-8D11-00A0C91BC942}") = "open_gl_project", "open_gl_project\open_gl_project.vcxproj", "{E443ED37-409B-4AA6-BA1B-D8C29DC65EE5}"
EndProject
Global
	GlobalSection(SolutionConfigurationPlatforms) = preSolution
		Debug|Win32 = Debug|Win32
		Release|Win32 = Release|Win32
	EndGlobalSection
	GlobalSection(ProjectConfigurationPlatforms) = postSolution
		{E443ED37-409B-4AA6-BA1B-D8C29DC65EE5}.Debug|Win32.ActiveCfg = Debug|Win32
		{E443ED37-409B-4AA6-BA1B-D8C29DC65EE5}.Debug|Win32.Build.0 = Debug|Win32
		{E443ED37-409B-4AA6-BA1B-D8C29DC65EE5}.Release|Win32.ActiveCfg = Release|Win32
		{E443ED37-409B-4AA6-BA1B-D8C29DC65EE5}.Release|Win32.Build.0 = Release|Win32
	EndGlobalSection
	GlobalSection(SolutionProperties) = preSolution
		HideSolutionNode = FALSE
	EndGlobalSection
EndGlobal
